PODS:
  - AFNetworking (3.2.1):
    - AFNetworking/NSURLSession (= 3.2.1)
    - AFNetworking/Reachability (= 3.2.1)
    - AFNetworking/Security (= 3.2.1)
    - AFNetworking/Serialization (= 3.2.1)
    - AFNetworking/UIKit (= 3.2.1)
  - AFNetworking/NSURLSession (3.2.1):
    - AFNetworking/Reachability
    - AFNetworking/Security
    - AFNetworking/Serialization
  - AFNetworking/Reachability (3.2.1)
  - AFNetworking/Security (3.2.1)
  - AFNetworking/Serialization (3.2.1)
  - AFNetworking/UIKit (3.2.1):
    - AFNetworking/NSURLSession
  - boost-for-react-native (1.63.0)
  - DoubleConversion (1.1.6)
  - fishhook (0.2)
  - Folly (2018.10.22.00):
    - boost-for-react-native
    - DoubleConversion
    - Folly/Default (= 2018.10.22.00)
    - glog
  - Folly/Default (2018.10.22.00):
    - boost-for-react-native
    - DoubleConversion
    - glog
  - glog (0.3.5)
  - lottie-ios (2.5.3)
  - Masonry (1.1.0)
  - QMUIKit/QMUIComponents/QMUIAlertController (2.9.3):
    - QMUIKit/QMUIComponents/QMUIButton
    - QMUIKit/QMUIComponents/QMUIModalPresentationViewController
    - QMUIKit/QMUIComponents/QMUITextField
    - QMUIKit/QMUICore
  - QMUIKit/QMUIComponents/QMUIButton (2.9.3):
    - QMUIKit/QMUICore
  - QMUIKit/QMUIComponents/QMUIKeyboardManager (2.9.3):
    - QMUIKit/QMUICore
  - QMUIKit/QMUIComponents/QMUIModalPresentationViewController (2.9.3):
    - QMUIKit/QMUIComponents/QMUIKeyboardManager
    - QMUIKit/QMUICore
  - QMUIKit/QMUIComponents/QMUIMultipleDelegates (2.9.3):
    - QMUIKit/QMUICore
  - QMUIKit/QMUIComponents/QMUITextField (2.9.3):
    - QMUIKit/QMUIComponents/QMUIMultipleDelegates
    - QMUIKit/QMUICore
  - QMUIKit/QMUIComponents/QMUIToastView (2.9.3):
    - QMUIKit/QMUIComponents/QMUIKeyboardManager
    - QMUIKit/QMUICore
  - QMUIKit/QMUICore (2.9.3):
    - QMUIKit/QMUILog
    - QMUIKit/QMUIWeakObjectContainer
  - QMUIKit/QMUILog (2.9.3)
  - QMUIKit/QMUIResources (2.9.3)
  - QMUIKit/QMUIWeakObjectContainer (2.9.3)
  - React (0.60.4):
    - React-Core (= 0.60.4)
    - React-DevSupport (= 0.60.4)
    - React-RCTActionSheet (= 0.60.4)
    - React-RCTAnimation (= 0.60.4)
    - React-RCTBlob (= 0.60.4)
    - React-RCTImage (= 0.60.4)
    - React-RCTLinking (= 0.60.4)
    - React-RCTNetwork (= 0.60.4)
    - React-RCTSettings (= 0.60.4)
    - React-RCTText (= 0.60.4)
    - React-RCTVibration (= 0.60.4)
    - React-RCTWebSocket (= 0.60.4)
  - React-Core (0.60.4):
    - Folly (= 2018.10.22.00)
    - React-cxxreact (= 0.60.4)
    - React-jsiexecutor (= 0.60.4)
    - yoga (= 0.60.4.React)
  - React-cxxreact (0.60.4):
    - boost-for-react-native (= 1.63.0)
    - DoubleConversion
    - Folly (= 2018.10.22.00)
    - glog
    - React-jsinspector (= 0.60.4)
  - React-DevSupport (0.60.4):
    - React-Core (= 0.60.4)
    - React-RCTWebSocket (= 0.60.4)
  - React-fishhook (0.60.4)
  - React-jsi (0.60.4):
    - boost-for-react-native (= 1.63.0)
    - DoubleConversion
    - Folly (= 2018.10.22.00)
    - glog
    - React-jsi/Default (= 0.60.4)
  - React-jsi/Default (0.60.4):
    - boost-for-react-native (= 1.63.0)
    - DoubleConversion
    - Folly (= 2018.10.22.00)
    - glog
  - React-jsiexecutor (0.60.4):
    - DoubleConversion
    - Folly (= 2018.10.22.00)
    - glog
    - React-cxxreact (= 0.60.4)
    - React-jsi (= 0.60.4)
  - React-jsinspector (0.60.4)
  - React-RCTActionSheet (0.60.4):
    - React-Core (= 0.60.4)
  - React-RCTAnimation (0.60.4):
    - React-Core (= 0.60.4)
  - React-RCTBlob (0.60.4):
    - React-Core (= 0.60.4)
    - React-RCTNetwork (= 0.60.4)
    - React-RCTWebSocket (= 0.60.4)
  - React-RCTImage (0.60.4):
    - React-Core (= 0.60.4)
    - React-RCTNetwork (= 0.60.4)
  - React-RCTLinking (0.60.4):
    - React-Core (= 0.60.4)
  - React-RCTNetwork (0.60.4):
    - React-Core (= 0.60.4)
  - React-RCTSettings (0.60.4):
    - React-Core (= 0.60.4)
  - React-RCTText (0.60.4):
    - React-Core (= 0.60.4)
  - React-RCTVibration (0.60.4):
    - React-Core (= 0.60.4)
  - React-RCTWebSocket (0.60.4):
    - React-Core (= 0.60.4)
    - React-fishhook (= 0.60.4)
  - SDWebImage (4.4.6):
    - SDWebImage/Core (= 4.4.6)
  - SDWebImage/Core (4.4.6)
  - SFDebugTools (1.1.1):
    - fishhook (~> 0.2)
    - SFGRouterCenter (~> 1.0)
  - SFG-Reveal-SDK (4)
  - SFGAddressModule (1.0.0):
    - SFGAliyunImage (~> 1.0)
    - SFGGlobalConfig (~> 1.0)
    - SFGNetRequestModule (~> 1.0)
    - SFGSysCategory (~> 1.0)
    - SFGSystemEnhance (~> 1.0)
    - YQBUserCenterModule (~> 1.0)
  - SFGAliyunImage (1.0.0):
    - SFGSysCategory (~> 1.0)
    - YQBTrackModule (~> 1.0)
    - YQBUserCenterModule (~> 1.0)
  - SFGBaseModule (1.0.1):
    - SFDebugTools (~> 1.0)
    - SFGGlobalConfig (~> 1.0)
    - SFGMockServer (~> 1.0)
    - SFGSysCategory (~> 1.0)
    - YYModel (= 1.0.4)
  - SFGBuglyModule (1.1.0)
  - SFGDatabaseModule (1.0.1):
    - SFGBuglyModule (~> 1.0)
    - SFGSysCategory (~> 1.0)
    - WCDB (= 1.0.5)
  - SFGFMDevice (1.0.0):
    - SFGSysCategory (~> 1.0)
  - SFGGlobalConfig (1.2.7):
    - SFGNetRequestModule (~> 1.0)
    - SFGSysCategory (~> 1.0)
    - SFGSystemEnhance (~> 1.0)
  - SFGLogModule (1.0.1):
    - SFGSysCategory (~> 1.0)
  - SFGMockServer (1.2.0)
  - SFGNetRequestModule (1.0.7):
    - AFNetworking (~> 3.0)
    - SFGSysCategory (~> 1.0)
  - SFGRouterCenter (1.0.1):
    - SFGSysCategory (~> 1.0)
  - SFGShareSDK (1.0.0):
    - SFGGlobalConfig (~> 1.0)
    - SFGNetRequestModule (~> 1.0)
    - SFGSysCategory (~> 1.0)
    - SFGUIKit/Toast (~> 1.0)
    - WechatOpenSDK (= 1.8.3)
    - YQBTrackModule (~> 1.0)
  - SFGSysCategory (1.0.4)
  - SFGSystemEnhance (1.1.3):
    - SFGSystemEnhance/DeviceID (= 1.1.3)
    - SFGSystemEnhance/KVO (= 1.1.3)
    - SFGSystemEnhance/SaveCenter (= 1.1.3)
    - SFGSystemEnhance/System (= 1.1.3)
    - SFGSystemEnhance/Timer (= 1.1.3)
  - SFGSystemEnhance/DeviceID (1.1.3):
    - SFGSystemEnhance/SaveCenter
    - SFGSystemEnhance/System
  - SFGSystemEnhance/KVO (1.1.3)
  - SFGSystemEnhance/SaveCenter (1.1.3)
  - SFGSystemEnhance/System (1.1.3):
    - SFGSysCategory (~> 1.0)
  - SFGSystemEnhance/Timer (1.1.3)
  - SFGTingyunModule (1.0.1)
  - SFGUIKit (1.4.1):
    - SFGUIKit/Alert (= 1.4.1)
    - SFGUIKit/ImageView (= 1.4.1)
    - SFGUIKit/NetWorkView (= 1.4.1)
    - SFGUIKit/NotificationCenter (= 1.4.1)
    - SFGUIKit/Picker (= 1.4.1)
    - SFGUIKit/SFGMultipleKeyView (= 1.4.1)
    - SFGUIKit/SFGTableView (= 1.4.1)
    - SFGUIKit/Toast (= 1.4.1)
    - SFGUIKit/YQBMsgBadgeView (= 1.4.1)
    - SFGUIKit/YQBRefreshTableView (= 1.4.1)
    - SFGUIKit/YQBTextField (= 1.4.1)
    - SFGUIKit/YQBTextView (= 1.4.1)
    - SFGUIKit/YQBUILaunchImageView (= 1.4.1)
  - SFGUIKit/Alert (1.4.1):
    - QMUIKit/QMUIComponents/QMUIAlertController (= 2.9.3)
    - SFGSysCategory (~> 1.0)
  - SFGUIKit/ImageView (1.4.1):
    - lottie-ios (= 2.5.3)
    - SFGSysCategory (~> 1.0)
  - SFGUIKit/NetWorkView (1.4.1):
    - Masonry (= 1.1.0)
    - SFGSysCategory (~> 1.0)
    - SFGUIKit/Toast
  - SFGUIKit/NotificationCenter (1.4.1):
    - SFGSysCategory (~> 1.0)
  - SFGUIKit/Picker (1.4.1):
    - SFGSysCategory (~> 1.0)
  - SFGUIKit/SFGMultipleKeyView (1.4.1):
    - SFGSysCategory (~> 1.0)
  - SFGUIKit/SFGTableView (1.4.1)
  - SFGUIKit/Toast (1.4.1):
    - QMUIKit/QMUIComponents/QMUIToastView (= 2.9.3)
    - QMUIKit/QMUICore (= 2.9.3)
    - QMUIKit/QMUIResources (= 2.9.3)
    - SFGSysCategory (~> 1.0)
  - SFGUIKit/YQBMsgBadgeView (1.4.1):
    - SFGGlobalConfig (~> 1.0)
    - SFGSysCategory (~> 1.0)
  - SFGUIKit/YQBRefreshTableView (1.4.1):
    - SFGGlobalConfig (~> 1.0)
    - SFGSysCategory (~> 1.0)
  - SFGUIKit/YQBTextField (1.4.1):
    - SFGGlobalConfig (~> 1.0)
    - SFGSysCategory (~> 1.0)
  - SFGUIKit/YQBTextView (1.4.1):
    - SFGSysCategory (~> 1.0)
  - SFGUIKit/YQBUILaunchImageView (1.4.1)
  - WCDB (1.0.5)
  - WechatOpenSDK (1.8.3)
  - yoga (0.60.4.React)
  - YQBDataCollectManager (1.0.0):
    - SFGAddressModule (~> 1.0)
    - SFGBuglyModule (~> 1.0)
    - SFGFMDevice (~> 1.0)
    - SFGGlobalConfig (~> 1.0)
    - SFGNetRequestModule (~> 1.0)
    - SFGSysCategory (~> 1.0)
    - SFGSystemEnhance (~> 1.0)
    - YQBDataCollectManager/Location (= 1.0.0)
    - YQBStartUpModule (~> 1.0)
    - YQBUserCenterModule (~> 1.0)
    - ZRDeviceSDK (~> 1.0)
  - YQBDataCollectManager/Location (1.0.0):
    - SFGAddressModule (~> 1.0)
    - SFGBuglyModule (~> 1.0)
    - SFGFMDevice (~> 1.0)
    - SFGGlobalConfig (~> 1.0)
    - SFGNetRequestModule (~> 1.0)
    - SFGSysCategory (~> 1.0)
    - SFGSystemEnhance (~> 1.0)
    - YQBStartUpModule (~> 1.0)
    - YQBUserCenterModule (~> 1.0)
    - ZRDeviceSDK (~> 1.0)
  - YQBLaunchStartModule (1.0.2):
    - SDWebImage (= 4.4.6)
    - SFGBuglyModule (~> 1.0)
    - SFGFMDevice (~> 1.0)
    - SFGGlobalConfig (~> 1.0)
    - SFGNetRequestModule (~> 1.0)
    - SFGRouterCenter (~> 1.0)
    - SFGShareSDK (~> 1.0)
    - SFGSysCategory (~> 1.0)
    - SFGSystemEnhance (~> 1.0)
    - SFGTingyunModule (~> 1.0)
    - YQBDataCollectManager (~> 1.0)
    - YQBTrackModule (~> 1.0)
    - YQBUserCenterModule (~> 1.0)
  - YQBStartUpModule (1.0.7):
    - SFGBaseModule (~> 1.0)
    - SFGDatabaseModule (~> 1.0)
    - SFGGlobalConfig (~> 1.0)
    - SFGNetRequestModule (~> 1.0)
    - SFGSysCategory (~> 1.0)
    - SFGUIKit (~> 1.0)
    - YQBStoryboardManager (~> 1.0)
    - YQBTrackModule (~> 1.0)
    - YQBWebViewController (~> 1.0)
    - YYModel (~> 1.0)
  - YQBStoryboardManager (1.1.0)
  - YQBTrackModule (1.0.1):
    - SFGBuglyModule (~> 1.0)
    - SFGGlobalConfig (~> 1.0)
    - SFGLogModule (~> 1.0)
    - YQBUserCenterModule (~> 1.0)
  - YQBUserCenterModule (1.0.1):
    - SFGDatabaseModule (~> 1.0)
    - SFGGlobalConfig (~> 1.0)
    - SFGSysCategory (~> 1.0)
    - YYModel (~> 1.0)
  - YQBWebViewController (1.3.7):
    - Masonry (~> 1.1.0)
    - SFGBaseModule (~> 1.0)
    - SFGGlobalConfig (~> 1.0)
    - SFGRouterCenter (~> 1.0)
    - SFGShareSDK (~> 1.0)
    - SFGSysCategory (~> 1.0)
    - SFGSystemEnhance (~> 1.0)
    - SFGUIKit (~> 1.0)
    - YQBTrackModule (~> 1.0)
    - YQBWebViewController/YQBLoanSuperMarketViewController (= 1.3.7)
    - YQBWebViewController/YQBNormalWebViewController (= 1.3.7)
    - YQBWebViewController/YQBWebBase (= 1.3.7)
  - YQBWebViewController/YQBLoanSuperMarketViewController (1.3.7):
    - Masonry (~> 1.1.0)
    - SFGBaseModule (~> 1.0)
    - SFGGlobalConfig (~> 1.0)
    - SFGRouterCenter (~> 1.0)
    - SFGShareSDK (~> 1.0)
    - SFGSysCategory (~> 1.0)
    - SFGSystemEnhance (~> 1.0)
    - SFGUIKit (~> 1.0)
    - YQBTrackModule (~> 1.0)
    - YQBWebViewController/YQBNormalWebViewController
    - YQBWebViewController/YQBWebBase
  - YQBWebViewController/YQBNormalWebViewController (1.3.7):
    - Masonry (~> 1.1.0)
    - SFGBaseModule (~> 1.0)
    - SFGGlobalConfig (~> 1.0)
    - SFGRouterCenter (~> 1.0)
    - SFGShareSDK (~> 1.0)
    - SFGSysCategory (~> 1.0)
    - SFGSystemEnhance (~> 1.0)
    - SFGUIKit (~> 1.0)
    - YQBTrackModule (~> 1.0)
    - YQBWebViewController/YQBWebBase
  - YQBWebViewController/YQBWebBase (1.3.7):
    - Masonry (~> 1.1.0)
    - SFGBaseModule (~> 1.0)
    - SFGGlobalConfig (~> 1.0)
    - SFGRouterCenter (~> 1.0)
    - SFGShareSDK (~> 1.0)
    - SFGSysCategory (~> 1.0)
    - SFGSystemEnhance (~> 1.0)
    - SFGUIKit (~> 1.0)
    - YQBTrackModule (~> 1.0)
  - YYModel (1.0.4)
  - ZRDeviceSDK (1.2.2)

DEPENDENCIES:
  - DoubleConversion (from `../node_modules/react-native/third-party-podspecs/DoubleConversion.podspec`)
  - Folly (from `../node_modules/react-native/third-party-podspecs/Folly.podspec`)
  - glog (from `../node_modules/react-native/third-party-podspecs/glog.podspec`)
  - React (from `../node_modules/react-native/`)
  - React-Core (from `../node_modules/react-native/React`)
  - React-cxxreact (from `../node_modules/react-native/ReactCommon/cxxreact`)
  - React-DevSupport (from `../node_modules/react-native/React`)
  - React-fishhook (from `../node_modules/react-native/Libraries/fishhook`)
  - React-jsi (from `../node_modules/react-native/ReactCommon/jsi`)
  - React-jsiexecutor (from `../node_modules/react-native/ReactCommon/jsiexecutor`)
  - React-jsinspector (from `../node_modules/react-native/ReactCommon/jsinspector`)
  - React-RCTActionSheet (from `../node_modules/react-native/Libraries/ActionSheetIOS`)
  - React-RCTAnimation (from `../node_modules/react-native/Libraries/NativeAnimation`)
  - React-RCTBlob (from `../node_modules/react-native/Libraries/Blob`)
  - React-RCTImage (from `../node_modules/react-native/Libraries/Image`)
  - React-RCTLinking (from `../node_modules/react-native/Libraries/LinkingIOS`)
  - React-RCTNetwork (from `../node_modules/react-native/Libraries/Network`)
  - React-RCTSettings (from `../node_modules/react-native/Libraries/Settings`)
  - React-RCTText (from `../node_modules/react-native/Libraries/Text`)
  - React-RCTVibration (from `../node_modules/react-native/Libraries/Vibration`)
  - React-RCTWebSocket (from `../node_modules/react-native/Libraries/WebSocket`)
  - SFDebugTools (= 1.1.1)
  - SFG-Reveal-SDK
  - yoga (from `../node_modules/react-native/ReactCommon/yoga`)
  - YQBLaunchStartModule (= 1.0.2)

SPEC REPOS:
  "git@gitlab.intra.yongqianbao.com:ios/SFGSpecs_iOS.git":
    - Masonry
    - SFDebugTools
    - SFG-Reveal-SDK
    - SFGAddressModule
    - SFGAliyunImage
    - SFGBaseModule
    - SFGBuglyModule
    - SFGDatabaseModule
    - SFGFMDevice
    - SFGGlobalConfig
    - SFGLogModule
    - SFGMockServer
    - SFGNetRequestModule
    - SFGRouterCenter
    - SFGShareSDK
    - SFGSysCategory
    - SFGSystemEnhance
    - SFGTingyunModule
    - SFGUIKit
    - YQBDataCollectManager
    - YQBLaunchStartModule
    - YQBStartUpModule
    - YQBStoryboardManager
    - YQBTrackModule
    - YQBUserCenterModule
    - YQBWebViewController
    - YYModel
  https://github.com/cocoapods/specs.git:
    - AFNetworking
    - boost-for-react-native
    - fishhook
    - lottie-ios
    - QMUIKit
    - SDWebImage
    - WCDB
    - WechatOpenSDK
    - ZRDeviceSDK

EXTERNAL SOURCES:
  DoubleConversion:
    :podspec: "../node_modules/react-native/third-party-podspecs/DoubleConversion.podspec"
  Folly:
    :podspec: "../node_modules/react-native/third-party-podspecs/Folly.podspec"
  glog:
    :podspec: "../node_modules/react-native/third-party-podspecs/glog.podspec"
  React:
    :path: "../node_modules/react-native/"
  React-Core:
    :path: "../node_modules/react-native/React"
  React-cxxreact:
    :path: "../node_modules/react-native/ReactCommon/cxxreact"
  React-DevSupport:
    :path: "../node_modules/react-native/React"
  React-fishhook:
    :path: "../node_modules/react-native/Libraries/fishhook"
  React-jsi:
    :path: "../node_modules/react-native/ReactCommon/jsi"
  React-jsiexecutor:
    :path: "../node_modules/react-native/ReactCommon/jsiexecutor"
  React-jsinspector:
    :path: "../node_modules/react-native/ReactCommon/jsinspector"
  React-RCTActionSheet:
    :path: "../node_modules/react-native/Libraries/ActionSheetIOS"
  React-RCTAnimation:
    :path: "../node_modules/react-native/Libraries/NativeAnimation"
  React-RCTBlob:
    :path: "../node_modules/react-native/Libraries/Blob"
  React-RCTImage:
    :path: "../node_modules/react-native/Libraries/Image"
  React-RCTLinking:
    :path: "../node_modules/react-native/Libraries/LinkingIOS"
  React-RCTNetwork:
    :path: "../node_modules/react-native/Libraries/Network"
  React-RCTSettings:
    :path: "../node_modules/react-native/Libraries/Settings"
  React-RCTText:
    :path: "../node_modules/react-native/Libraries/Text"
  React-RCTVibration:
    :path: "../node_modules/react-native/Libraries/Vibration"
  React-RCTWebSocket:
    :path: "../node_modules/react-native/Libraries/WebSocket"
  yoga:
    :path: "../node_modules/react-native/ReactCommon/yoga"

SPEC CHECKSUMS:
  AFNetworking: b6f891fdfaed196b46c7a83cf209e09697b94057
  boost-for-react-native: 39c7adb57c4e60d6c5479dd8623128eb5b3f0f2c
  DoubleConversion: 5805e889d232975c086db112ece9ed034df7a0b2
  fishhook: ea19933abfe8f2f52c55fd8b6e2718467d3ebc89
  Folly: 30e7936e1c45c08d884aa59369ed951a8e68cf51
  glog: 1f3da668190260b06b429bb211bfbee5cd790c28
  lottie-ios: a50d5c0160425cd4b01b852bb9578963e6d92d31
  Masonry: ef0d5cb31a35d531aff2cb9721d31b5df32f6de5
  QMUIKit: 5b8f0a3ab60e42af1310bd40a6fe1b54d612d15c
  React: ff7ee2ae5ee1c1d9ae2183b4111045b25294bb01
  React-Core: 8e0ea421cae5609d2562850f98421b15030476fa
  React-cxxreact: 326880209990151a7182a813311054e9772ba510
  React-DevSupport: e9f10e6721e78e87622fc985db695c0c0168db8a
  React-fishhook: 1f0e5b08449403fa75c3fb3881a0beefbada14af
  React-jsi: 21d3153b1153fbf6510a92b6b11e33e725cb7432
  React-jsiexecutor: 7549641e48bafae7bfee3f3ea19bf4901639c5de
  React-jsinspector: 73f24a02fa684ed6a2b828ba116874a2191ded88
  React-RCTActionSheet: 9f71d7ae3e8fb10e08d162cbf14c621349dbfab3
  React-RCTAnimation: 981d8c95b0e30918a9832ccac32af83562a27fae
  React-RCTBlob: 21e73d1020a302a75fed30dbaee9f15287b80baa
  React-RCTImage: c0bc6ac0926517b6fb7e4c279b04843113e99d1d
  React-RCTLinking: 1af3f3c59114bed3deec0107c62e7efad0932ee5
  React-RCTNetwork: 35df9de46e19cda5c56380be1a7759b9b8cb2fcd
  React-RCTSettings: f580504c2cd1f44e25add10fb9ed3954f67f8ac5
  React-RCTText: e0f224898b13af9aa036ea7cb3d438daa68c1044
  React-RCTVibration: 0bea40cd51bd089bd591a8f74c86e91fdf2666c5
  React-RCTWebSocket: 163873f4cdd5f1058a9483443404fc3801581cb6
  SDWebImage: 3f3f0c02f09798048c47a5ed0a13f17b063572d8
  SFDebugTools: 5b042d4ce9efdbb8c2c75fca4d3bc0657afe4575
  SFG-Reveal-SDK: 8353b74234098713c69f7c1f82a42a3453c8444b
  SFGAddressModule: 8aa1b696453e87a3fff85184d3aa89c7802f6620
  SFGAliyunImage: f2279285a27828b5057ca29f83020ebbb3965cd4
  SFGBaseModule: 444ad0e368b7a80bde4ed721f789ade6296db22c
  SFGBuglyModule: e14ac0a36ab769dd06b07d5021b2fd3e1441e372
  SFGDatabaseModule: dbc775ac2802d797289f60ef538a96365c3b3c4a
  SFGFMDevice: e493931b374eb1b4d5b7911b8ac599f488a33c23
  SFGGlobalConfig: 9642b15490ec262376a48991118c3345ce67172f
  SFGLogModule: 3b80965fc13047c934c0234f73140e96b04a2a27
  SFGMockServer: 3dbc610e262b8d10f507ec6bb31b4fea3998a1ba
  SFGNetRequestModule: 7a84e546fcd351b261dfd2bff8f41558e4939da3
  SFGRouterCenter: 2edd830af35ea66e96f647bce5210adb3a39f48f
  SFGShareSDK: 16299437be443abd9b3169476b5f43ce88176aa7
  SFGSysCategory: 8715890cb45c96b9c4911d45eba8b703c9bc5314
  SFGSystemEnhance: d54a11746ea41a4534ab12e3954de0e8b5b8b357
  SFGTingyunModule: 28934aef0fd89e2296069dd47185703f032fd717
  SFGUIKit: 25ec4470709e2b8c7de1327f3561a1b6155fdcf8
  WCDB: 535e8d9b6513dd8cc647d9fdde84695a1fde290c
  WechatOpenSDK: 3117412f8aafde4758cac1e8d20b93c67cafcfef
  yoga: c2c050f6ae6e222534760cc82f559b89214b67e2
  YQBDataCollectManager: 7ac254b4dcb52074caa79578f1518f42da9b1965
  YQBLaunchStartModule: 83c565ce9d46e54b330e86051e440f278fe8be13
  YQBStartUpModule: 70d700955858221b14e19742504471e42dcd0b6a
  YQBStoryboardManager: d0b85de857c5ee6a8087bc8ca2885e66890325be
  YQBTrackModule: 93cd4ba2297ddfa095f1dcb10d07ea13244a8ee4
  YQBUserCenterModule: 33544f91c2c73f0e2da4451444513f8265a2c007
  YQBWebViewController: ac8de5856a459dbb34dbbb64fdc2d8794c890079
  YYModel: 4a207d5a253a5dd6a084e7f72946315c6f7e6974
  ZRDeviceSDK: 9771b3b9654e9f4449bdd58c008d06e80c7bad91

PODFILE CHECKSUM: a490a905707de7b9cd4b90c66934538ad87678b0

COCOAPODS: 1.7.1
